
Microsoft Visual Studio Solution File, Format Version 12.00
# Visual Studio 2013
VisualStudioVersion = 12.0.30723.0
MinimumVisualStudioVersion = 10.0.40219.1
Project("{8BC9CEB8-8B4A-11D0-8D11-00A0C91BC942}") = "DataStore", "DataStore\DataStore.vcxproj", "{B816C2D9-4493-47DD-9AC2-2979F5354E2B}"
EndProject
Project("{8BC9CEB8-8B4A-11D0-8D11-00A0C91BC942}") = "FileMgr", "FileMgr\FileMgr.vcxproj", "{DDEE27FF-855E-4D10-AD7B-79CB8966EF13}"
EndProject
Project("{8BC9CEB8-8B4A-11D0-8D11-00A0C91BC942}") = "Exec", "Exec\Exec.vcxproj", "{036D2DB3-2255-4346-A8CD-989F05408065}"
EndProject
Project("{8BC9CEB8-8B4A-11D0-8D11-00A0C91BC942}") = "Cataloger", "Cataloger\Cataloger.vcxproj", "{74BCA76D-1950-4742-86CC-BDE0CF2AD826}"
EndProject
Project("{8BC9CEB8-8B4A-11D0-8D11-00A0C91BC942}") = "SearchText", "SearchText\SearchText.vcxproj", "{267D679B-EA65-46D7-94B8-FF8E6F7D19F0}"
EndProject
Project("{8BC9CEB8-8B4A-11D0-8D11-00A0C91BC942}") = "Display", "Display\Display.vcxproj", "{921B6966-9D8A-4796-9444-8A2373ADD666}"
EndProject
Global
	GlobalSection(SolutionConfigurationPlatforms) = preSolution
		Debug|Win32 = Debug|Win32
		Release|Win32 = Release|Win32
	EndGlobalSection
	GlobalSection(ProjectConfigurationPlatforms) = postSolution
		{B816C2D9-4493-47DD-9AC2-2979F5354E2B}.Debug|Win32.ActiveCfg = Debug|Win32
		{B816C2D9-4493-47DD-9AC2-2979F5354E2B}.Debug|Win32.Build.0 = Debug|Win32
		{B816C2D9-4493-47DD-9AC2-2979F5354E2B}.Release|Win32.ActiveCfg = Release|Win32
		{B816C2D9-4493-47DD-9AC2-2979F5354E2B}.Release|Win32.Build.0 = Release|Win32
		{DDEE27FF-855E-4D10-AD7B-79CB8966EF13}.Debug|Win32.ActiveCfg = Debug|Win32
		{DDEE27FF-855E-4D10-AD7B-79CB8966EF13}.Debug|Win32.Build.0 = Debug|Win32
		{DDEE27FF-855E-4D10-AD7B-79CB8966EF13}.Release|Win32.ActiveCfg = Release|Win32
		{DDEE27FF-855E-4D10-AD7B-79CB8966EF13}.Release|Win32.Build.0 = Release|Win32
		{036D2DB3-2255-4346-A8CD-989F05408065}.Debug|Win32.ActiveCfg = Debug|Win32
		{036D2DB3-2255-4346-A8CD-989F05408065}.Debug|Win32.Build.0 = Debug|Win32
		{036D2DB3-2255-4346-A8CD-989F05408065}.Release|Win32.ActiveCfg = Release|Win32
		{036D2DB3-2255-4346-A8CD-989F05408065}.Release|Win32.Build.0 = Release|Win32
		{74BCA76D-1950-4742-86CC-BDE0CF2AD826}.Debug|Win32.ActiveCfg = Debug|Win32
		{74BCA76D-1950-4742-86CC-BDE0CF2AD826}.Debug|Win32.Build.0 = Debug|Win32
		{74BCA76D-1950-4742-86CC-BDE0CF2AD826}.Release|Win32.ActiveCfg = Release|Win32
		{74BCA76D-1950-4742-86CC-BDE0CF2AD826}.Release|Win32.Build.0 = Release|Win32
		{267D679B-EA65-46D7-94B8-FF8E6F7D19F0}.Debug|Win32.ActiveCfg = Debug|Win32
		{267D679B-EA65-46D7-94B8-FF8E6F7D19F0}.Debug|Win32.Build.0 = Debug|Win32
		{267D679B-EA65-46D7-94B8-FF8E6F7D19F0}.Release|Win32.ActiveCfg = Release|Win32
		{267D679B-EA65-46D7-94B8-FF8E6F7D19F0}.Release|Win32.Build.0 = Release|Win32
		{921B6966-9D8A-4796-9444-8A2373ADD666}.Debug|Win32.ActiveCfg = Debug|Win32
		{921B6966-9D8A-4796-9444-8A2373ADD666}.Debug|Win32.Build.0 = Debug|Win32
		{921B6966-9D8A-4796-9444-8A2373ADD666}.Release|Win32.ActiveCfg = Release|Win32
		{921B6966-9D8A-4796-9444-8A2373ADD666}.Release|Win32.Build.0 = Release|Win32
	EndGlobalSection
	GlobalSection(SolutionProperties) = preSolution
		HideSolutionNode = FALSE
	EndGlobalSection
EndGlobal
